// !$*UTF8*$!
{
	archiveVersion = 1;
	classes = {
	};
	objectVersion = 51;
	objects = {

/* Begin PBXBuildFile section */
		8A6C5B9D259733B000973BDE /* AppDelegate.swift in Sources */ = {isa = PBXBuildFile; fileRef = 8A6C5B9C259733B000973BDE /* AppDelegate.swift */; };
		8A6C5BA1259733B000973BDE /* ViewController.swift in Sources */ = {isa = PBXBuildFile; fileRef = 8A6C5BA0259733B000973BDE /* ViewController.swift */; };
		8A6C5BA4259733B000973BDE /* Main.storyboard in Resources */ = {isa = PBXBuildFile; fileRef = 8A6C5BA2259733B000973BDE /* Main.storyboard */; };
		8A6C5BA6259733B200973BDE /* Assets.xcassets in Resources */ = {isa = PBXBuildFile; fileRef = 8A6C5BA5259733B200973BDE /* Assets.xcassets */; };
		8A6C5BA9259733B200973BDE /* LaunchScreen.storyboard in Resources */ = {isa = PBXBuildFile; fileRef = 8A6C5BA7259733B200973BDE /* LaunchScreen.storyboard */; };
		8A6C5BBA25974B7500973BDE /* UIColorExtensions.swift in Sources */ = {isa = PBXBuildFile; fileRef = 8A6C5BB925974B7500973BDE /* UIColorExtensions.swift */; };
		8A6C5BBC25974B9600973BDE /* Colors.swift in Sources */ = {isa = PBXBuildFile; fileRef = 8A6C5BBB25974B9600973BDE /* Colors.swift */; };
		8A6C5BC025979D4900973BDE /* BaseViewController.swift in Sources */ = {isa = PBXBuildFile; fileRef = 8A6C5BBF25979D4900973BDE /* BaseViewController.swift */; };
		8A6C5BC525979DAB00973BDE /* BaseViewModel.swift in Sources */ = {isa = PBXBuildFile; fileRef = 8A6C5BC425979DAB00973BDE /* BaseViewModel.swift */; };
		8A6C5BC725979DC800973BDE /* NetworkError.swift in Sources */ = {isa = PBXBuildFile; fileRef = 8A6C5BC625979DC800973BDE /* NetworkError.swift */; };
		99FFA3B6C7360DAB0BB81A05 /* Pods_CarMap.framework in Frameworks */ = {isa = PBXBuildFile; fileRef = 6697F9A6CDC191CE0D579006 /* Pods_CarMap.framework */; };
/* End PBXBuildFile section */

/* Begin PBXFileReference section */
		6697F9A6CDC191CE0D579006 /* Pods_CarMap.framework */ = {isa = PBXFileReference; explicitFileType = wrapper.framework; includeInIndex = 0; path = Pods_CarMap.framework; sourceTree = BUILT_PRODUCTS_DIR; };
		78E22A5FFDFDBCAE5C6E74F3 /* Pods-CarMap.development.xcconfig */ = {isa = PBXFileReference; includeInIndex = 1; lastKnownFileType = text.xcconfig; name = "Pods-CarMap.development.xcconfig"; path = "Target Support Files/Pods-CarMap/Pods-CarMap.development.xcconfig"; sourceTree = "<group>"; };
		8A6C5B99259733B000973BDE /* CarMap.app */ = {isa = PBXFileReference; explicitFileType = wrapper.application; includeInIndex = 0; path = CarMap.app; sourceTree = BUILT_PRODUCTS_DIR; };
		8A6C5B9C259733B000973BDE /* AppDelegate.swift */ = {isa = PBXFileReference; lastKnownFileType = sourcecode.swift; path = AppDelegate.swift; sourceTree = "<group>"; };
		8A6C5BA0259733B000973BDE /* ViewController.swift */ = {isa = PBXFileReference; lastKnownFileType = sourcecode.swift; path = ViewController.swift; sourceTree = "<group>"; };
		8A6C5BA3259733B000973BDE /* Base */ = {isa = PBXFileReference; lastKnownFileType = file.storyboard; name = Base; path = Base.lproj/Main.storyboard; sourceTree = "<group>"; };
		8A6C5BA5259733B200973BDE /* Assets.xcassets */ = {isa = PBXFileReference; lastKnownFileType = folder.assetcatalog; path = Assets.xcassets; sourceTree = "<group>"; };
		8A6C5BA8259733B200973BDE /* Base */ = {isa = PBXFileReference; lastKnownFileType = file.storyboard; name = Base; path = Base.lproj/LaunchScreen.storyboard; sourceTree = "<group>"; };
		8A6C5BAA259733B200973BDE /* Info.plist */ = {isa = PBXFileReference; lastKnownFileType = text.plist.xml; path = Info.plist; sourceTree = "<group>"; };
		8A6C5BB925974B7500973BDE /* UIColorExtensions.swift */ = {isa = PBXFileReference; lastKnownFileType = sourcecode.swift; path = UIColorExtensions.swift; sourceTree = "<group>"; };
		8A6C5BBB25974B9600973BDE /* Colors.swift */ = {isa = PBXFileReference; lastKnownFileType = sourcecode.swift; path = Colors.swift; sourceTree = "<group>"; };
		8A6C5BBF25979D4900973BDE /* BaseViewController.swift */ = {isa = PBXFileReference; lastKnownFileType = sourcecode.swift; path = BaseViewController.swift; sourceTree = "<group>"; };
		8A6C5BC425979DAB00973BDE /* BaseViewModel.swift */ = {isa = PBXFileReference; lastKnownFileType = sourcecode.swift; path = BaseViewModel.swift; sourceTree = "<group>"; };
		8A6C5BC625979DC800973BDE /* NetworkError.swift */ = {isa = PBXFileReference; lastKnownFileType = sourcecode.swift; path = NetworkError.swift; sourceTree = "<group>"; };
/* End PBXFileReference section */

/* Begin PBXFrameworksBuildPhase section */
		8A6C5B96259733B000973BDE /* Frameworks */ = {
			isa = PBXFrameworksBuildPhase;
			buildActionMask = 2147483647;
			files = (
				99FFA3B6C7360DAB0BB81A05 /* Pods_CarMap.framework in Frameworks */,
			);
			runOnlyForDeploymentPostprocessing = 0;
		};
/* End PBXFrameworksBuildPhase section */

/* Begin PBXGroup section */
		8A6C5B90259733B000973BDE = {
			isa = PBXGroup;
			children = (
				8A6C5B9B259733B000973BDE /* CarMap */,
				8A6C5B9A259733B000973BDE /* Products */,
				ECE1A4EA0C3B5DDA8CA00F9E /* Pods */,
				EECAA5159398F8874AFD0566 /* Frameworks */,
			);
			sourceTree = "<group>";
		};
		8A6C5B9A259733B000973BDE /* Products */ = {
			isa = PBXGroup;
			children = (
				8A6C5B99259733B000973BDE /* CarMap.app */,
			);
			name = Products;
			sourceTree = "<group>";
		};
		8A6C5B9B259733B000973BDE /* CarMap */ = {
			isa = PBXGroup;
			children = (
				8A6C5BB12597340D00973BDE /* App */,
				8A6C5BB525974B1600973BDE /* Infrastructure */,
				8A6C5BC825979E1800973BDE /* Screens */,
				8A6C5BB0259733FB00973BDE /* Resources */,
			);
			path = CarMap;
			sourceTree = "<group>";
		};
		8A6C5BB0259733FB00973BDE /* Resources */ = {
			isa = PBXGroup;
			children = (
				8A6C5BA5259733B200973BDE /* Assets.xcassets */,
				8A6C5BAA259733B200973BDE /* Info.plist */,
				8A6C5BA7259733B200973BDE /* LaunchScreen.storyboard */,
			);
			name = Resources;
			sourceTree = "<group>";
		};
		8A6C5BB12597340D00973BDE /* App */ = {
			isa = PBXGroup;
			children = (
				8A6C5BB22597341E00973BDE /* Delegate */,
			);
			name = App;
			sourceTree = "<group>";
		};
		8A6C5BB22597341E00973BDE /* Delegate */ = {
			isa = PBXGroup;
			children = (
				8A6C5B9C259733B000973BDE /* AppDelegate.swift */,
			);
			name = Delegate;
			sourceTree = "<group>";
		};
		8A6C5BB525974B1600973BDE /* Infrastructure */ = {
			isa = PBXGroup;
			children = (
				8A6C5BC125979D5200973BDE /* Networking */,
				8A6C5BB625974B2300973BDE /* Presentation */,
			);
			name = Infrastructure;
			sourceTree = "<group>";
		};
		8A6C5BB625974B2300973BDE /* Presentation */ = {
			isa = PBXGroup;
			children = (
				8A6C5BB725974B3900973BDE /* Constants */,
				8A6C5BB825974B3D00973BDE /* Extensions */,
				8A6C5BBD25979D2F00973BDE /* ViewControllers */,
				8A6C5BBE25979D3C00973BDE /* Views */,
			);
			name = Presentation;
			sourceTree = "<group>";
		};
		8A6C5BB725974B3900973BDE /* Constants */ = {
			isa = PBXGroup;
			children = (
				8A6C5BBB25974B9600973BDE /* Colors.swift */,
			);
			name = Constants;
			sourceTree = "<group>";
		};
		8A6C5BB825974B3D00973BDE /* Extensions */ = {
			isa = PBXGroup;
			children = (
				8A6C5BB925974B7500973BDE /* UIColorExtensions.swift */,
			);
			name = Extensions;
			sourceTree = "<group>";
		};
		8A6C5BBD25979D2F00973BDE /* ViewControllers */ = {
			isa = PBXGroup;
			children = (
				8A6C5BBF25979D4900973BDE /* BaseViewController.swift */,
			);
			name = ViewControllers;
			sourceTree = "<group>";
		};
		8A6C5BBE25979D3C00973BDE /* Views */ = {
			isa = PBXGroup;
			children = (
			);
			name = Views;
			sourceTree = "<group>";
		};
		8A6C5BC125979D5200973BDE /* Networking */ = {
			isa = PBXGroup;
			children = (
				8A6C5BC325979D7800973BDE /* BaseModels */,
				8A6C5BC225979D6600973BDE /* ViewModels */,
			);
			name = Networking;
			sourceTree = "<group>";
		};
		8A6C5BC225979D6600973BDE /* ViewModels */ = {
			isa = PBXGroup;
			children = (
				8A6C5BC425979DAB00973BDE /* BaseViewModel.swift */,
			);
			name = ViewModels;
			sourceTree = "<group>";
		};
		8A6C5BC325979D7800973BDE /* BaseModels */ = {
			isa = PBXGroup;
			children = (
				8A6C5BC625979DC800973BDE /* NetworkError.swift */,
			);
			name = BaseModels;
			sourceTree = "<group>";
		};
		8A6C5BC825979E1800973BDE /* Screens */ = {
			isa = PBXGroup;
			children = (
				8A6C5BA0259733B000973BDE /* ViewController.swift */,
				8A6C5BA2259733B000973BDE /* Main.storyboard */,
			);
			name = Screens;
			sourceTree = "<group>";
		};
		ECE1A4EA0C3B5DDA8CA00F9E /* Pods */ = {
			isa = PBXGroup;
			children = (
				78E22A5FFDFDBCAE5C6E74F3 /* Pods-CarMap.development.xcconfig */,
			);
			path = Pods;
			sourceTree = "<group>";
		};
		EECAA5159398F8874AFD0566 /* Frameworks */ = {
			isa = PBXGroup;
			children = (
				6697F9A6CDC191CE0D579006 /* Pods_CarMap.framework */,
			);
			name = Frameworks;
			sourceTree = "<group>";
		};
/* End PBXGroup section */

/* Begin PBXNativeTarget section */
		8A6C5B98259733B000973BDE /* CarMap */ = {
			isa = PBXNativeTarget;
			buildConfigurationList = 8A6C5BAD259733B200973BDE /* Build configuration list for PBXNativeTarget "CarMap" */;
			buildPhases = (
				826567A4B00FEA22DFAAFBF7 /* [CP] Check Pods Manifest.lock */,
				8A6C5B95259733B000973BDE /* Sources */,
				8A6C5B96259733B000973BDE /* Frameworks */,
				8A6C5B97259733B000973BDE /* Resources */,
				082CAFCD86E54A5128C6BE60 /* [CP] Embed Pods Frameworks */,
			);
			buildRules = (
			);
			dependencies = (
			);
			name = CarMap;
			productName = CarMap;
			productReference = 8A6C5B99259733B000973BDE /* CarMap.app */;
			productType = "com.apple.product-type.application";
		};
/* End PBXNativeTarget section */

/* Begin PBXProject section */
		8A6C5B91259733B000973BDE /* Project object */ = {
			isa = PBXProject;
			attributes = {
				LastSwiftUpdateCheck = 1120;
				LastUpgradeCheck = 1120;
				ORGANIZATIONNAME = "Mithat Kaskara";
				TargetAttributes = {
					8A6C5B98259733B000973BDE = {
						CreatedOnToolsVersion = 11.2.1;
					};
				};
			};
			buildConfigurationList = 8A6C5B94259733B000973BDE /* Build configuration list for PBXProject "CarMap" */;
			compatibilityVersion = "Xcode 9.3";
			developmentRegion = en;
			hasScannedForEncodings = 0;
			knownRegions = (
				en,
				Base,
			);
			mainGroup = 8A6C5B90259733B000973BDE;
			productRefGroup = 8A6C5B9A259733B000973BDE /* Products */;
			projectDirPath = "";
			projectRoot = "";
			targets = (
				8A6C5B98259733B000973BDE /* CarMap */,
			);
		};
/* End PBXProject section */

/* Begin PBXResourcesBuildPhase section */
		8A6C5B97259733B000973BDE /* Resources */ = {
			isa = PBXResourcesBuildPhase;
			buildActionMask = 2147483647;
			files = (
				8A6C5BA9259733B200973BDE /* LaunchScreen.storyboard in Resources */,
				8A6C5BA6259733B200973BDE /* Assets.xcassets in Resources */,
				8A6C5BA4259733B000973BDE /* Main.storyboard in Resources */,
			);
			runOnlyForDeploymentPostprocessing = 0;
		};
/* End PBXResourcesBuildPhase section */

/* Begin PBXShellScriptBuildPhase section */
		082CAFCD86E54A5128C6BE60 /* [CP] Embed Pods Frameworks */ = {
			isa = PBXShellScriptBuildPhase;
			buildActionMask = 2147483647;
			files = (
			);
			inputFileListPaths = (
				"${PODS_ROOT}/Target Support Files/Pods-CarMap/Pods-CarMap-frameworks-${CONFIGURATION}-input-files.xcfilelist",
			);
			name = "[CP] Embed Pods Frameworks";
			outputFileListPaths = (
				"${PODS_ROOT}/Target Support Files/Pods-CarMap/Pods-CarMap-frameworks-${CONFIGURATION}-output-files.xcfilelist",
			);
			runOnlyForDeploymentPostprocessing = 0;
			shellPath = /bin/sh;
			shellScript = "\"${PODS_ROOT}/Target Support Files/Pods-CarMap/Pods-CarMap-frameworks.sh\"\n";
			showEnvVarsInLog = 0;
		};
		826567A4B00FEA22DFAAFBF7 /* [CP] Check Pods Manifest.lock */ = {
			isa = PBXShellScriptBuildPhase;
			buildActionMask = 2147483647;
			files = (
			);
			inputFileListPaths = (
			);
			inputPaths = (
				"${PODS_PODFILE_DIR_PATH}/Podfile.lock",
				"${PODS_ROOT}/Manifest.lock",
			);
			name = "[CP] Check Pods Manifest.lock";
			outputFileListPaths = (
			);
			outputPaths = (
				"$(DERIVED_FILE_DIR)/Pods-CarMap-checkManifestLockResult.txt",
			);
			runOnlyForDeploymentPostprocessing = 0;
			shellPath = /bin/sh;
			shellScript = "diff \"${PODS_PODFILE_DIR_PATH}/Podfile.lock\" \"${PODS_ROOT}/Manifest.lock\" > /dev/null\nif [ $? != 0 ] ; then\n    # print error to STDERR\n    echo \"error: The sandbox is not in sync with the Podfile.lock. Run 'pod install' or update your CocoaPods installation.\" >&2\n    exit 1\nfi\n# This output is used by Xcode 'outputs' to avoid re-running this script phase.\necho \"SUCCESS\" > \"${SCRIPT_OUTPUT_FILE_0}\"\n";
			showEnvVarsInLog = 0;
		};
/* End PBXShellScriptBuildPhase section */

/* Begin PBXSourcesBuildPhase section */
		8A6C5B95259733B000973BDE /* Sources */ = {
			isa = PBXSourcesBuildPhase;
			buildActionMask = 2147483647;
			files = (
				8A6C5BC025979D4900973BDE /* BaseViewController.swift in Sources */,
				8A6C5BC725979DC800973BDE /* NetworkError.swift in Sources */,
				8A6C5BBA25974B7500973BDE /* UIColorExtensions.swift in Sources */,
				8A6C5BBC25974B9600973BDE /* Colors.swift in Sources */,
				8A6C5BA1259733B000973BDE /* ViewController.swift in Sources */,
				8A6C5B9D259733B000973BDE /* AppDelegate.swift in Sources */,
				8A6C5BC525979DAB00973BDE /* BaseViewModel.swift in Sources */,
			);
			runOnlyForDeploymentPostprocessing = 0;
		};
/* End PBXSourcesBuildPhase section */

/* Begin PBXVariantGroup section */
		8A6C5BA2259733B000973BDE /* Main.storyboard */ = {
			isa = PBXVariantGroup;
			children = (
				8A6C5BA3259733B000973BDE /* Base */,
			);
			name = Main.storyboard;
			sourceTree = "<group>";
		};
		8A6C5BA7259733B200973BDE /* LaunchScreen.storyboard */ = {
			isa = PBXVariantGroup;
			children = (
				8A6C5BA8259733B200973BDE /* Base */,
			);
			name = LaunchScreen.storyboard;
			sourceTree = "<group>";
		};
/* End PBXVariantGroup section */

/* Begin XCBuildConfiguration section */
		8A6C5BB3259734B000973BDE /* Development */ = {
			isa = XCBuildConfiguration;
			buildSettings = {
				ALWAYS_SEARCH_USER_PATHS = NO;
				CLANG_ANALYZER_NONNULL = YES;
				CLANG_ANALYZER_NUMBER_OBJECT_CONVERSION = YES_AGGRESSIVE;
				CLANG_CXX_LANGUAGE_STANDARD = "gnu++14";
				CLANG_CXX_LIBRARY = "libc++";
				CLANG_ENABLE_MODULES = YES;
				CLANG_ENABLE_OBJC_ARC = YES;
				CLANG_ENABLE_OBJC_WEAK = YES;
				CLANG_WARN_BLOCK_CAPTURE_AUTORELEASING = YES;
				CLANG_WARN_BOOL_CONVERSION = YES;
				CLANG_WARN_COMMA = YES;
				CLANG_WARN_CONSTANT_CONVERSION = YES;
				CLANG_WARN_DEPRECATED_OBJC_IMPLEMENTATIONS = YES;
				CLANG_WARN_DIRECT_OBJC_ISA_USAGE = YES_ERROR;
				CLANG_WARN_DOCUMENTATION_COMMENTS = YES;
				CLANG_WARN_EMPTY_BODY = YES;
				CLANG_WARN_ENUM_CONVERSION = YES;
				CLANG_WARN_INFINITE_RECURSION = YES;
				CLANG_WARN_INT_CONVERSION = YES;
				CLANG_WARN_NON_LITERAL_NULL_CONVERSION = YES;
				CLANG_WARN_OBJC_IMPLICIT_RETAIN_SELF = YES;
				CLANG_WARN_OBJC_LITERAL_CONVERSION = YES;
				CLANG_WARN_OBJC_ROOT_CLASS = YES_ERROR;
				CLANG_WARN_RANGE_LOOP_ANALYSIS = YES;
				CLANG_WARN_STRICT_PROTOTYPES = YES;
				CLANG_WARN_SUSPICIOUS_MOVE = YES;
				CLANG_WARN_UNGUARDED_AVAILABILITY = YES_AGGRESSIVE;
				CLANG_WARN_UNREACHABLE_CODE = YES;
				CLANG_WARN__DUPLICATE_METHOD_MATCH = YES;
				COPY_PHASE_STRIP = NO;
				DEBUG_INFORMATION_FORMAT = dwarf;
				ENABLE_STRICT_OBJC_MSGSEND = YES;
				ENABLE_TESTABILITY = YES;
				GCC_C_LANGUAGE_STANDARD = gnu11;
				GCC_DYNAMIC_NO_PIC = NO;
				GCC_NO_COMMON_BLOCKS = YES;
				GCC_OPTIMIZATION_LEVEL = 0;
				GCC_PREPROCESSOR_DEFINITIONS = (
					"DEBUG=1",
					"$(inherited)",
				);
				GCC_WARN_64_TO_32_BIT_CONVERSION = YES;
				GCC_WARN_ABOUT_RETURN_TYPE = YES_ERROR;
				GCC_WARN_UNDECLARED_SELECTOR = YES;
				GCC_WARN_UNINITIALIZED_AUTOS = YES_AGGRESSIVE;
				GCC_WARN_UNUSED_FUNCTION = YES;
				GCC_WARN_UNUSED_VARIABLE = YES;
				IPHONEOS_DEPLOYMENT_TARGET = 9.0;
				MTL_ENABLE_DEBUG_INFO = INCLUDE_SOURCE;
				MTL_FAST_MATH = YES;
				ONLY_ACTIVE_ARCH = YES;
				SDKROOT = iphoneos;
				SWIFT_ACTIVE_COMPILATION_CONDITIONS = DEBUG;
				SWIFT_OPTIMIZATION_LEVEL = "-Onone";
			};
			name = Development;
		};
		8A6C5BB4259734B000973BDE /* Development */ = {
			isa = XCBuildConfiguration;
			baseConfigurationReference = 78E22A5FFDFDBCAE5C6E74F3 /* Pods-CarMap.development.xcconfig */;
			buildSettings = {
				ASSETCATALOG_COMPILER_APPICON_NAME = AppIcon;
				CODE_SIGN_STYLE = Manual;
				DEVELOPMENT_TEAM = "";
				INFOPLIST_FILE = "$(SRCROOT)/CarMap/Info.plist";
				IPHONEOS_DEPLOYMENT_TARGET = 9.0;
				LD_RUNPATH_SEARCH_PATHS = (
					"$(inherited)",
					"@executable_path/Frameworks",
				);
				PRODUCT_BUNDLE_IDENTIFIER = com.mithatkaskara.CarMap;
				PRODUCT_NAME = "$(TARGET_NAME)";
				PROVISIONING_PROFILE_SPECIFIER = "";
				SWIFT_VERSION = 5.0;
				TARGETED_DEVICE_FAMILY = "1,2";
			};
			name = Development;
		};
/* End XCBuildConfiguration section */

/* Begin XCConfigurationList section */
		8A6C5B94259733B000973BDE /* Build configuration list for PBXProject "CarMap" */ = {
			isa = XCConfigurationList;
			buildConfigurations = (
				8A6C5BB3259734B000973BDE /* Development */,
			);
			defaultConfigurationIsVisible = 0;
			defaultConfigurationName = Development;
		};
		8A6C5BAD259733B200973BDE /* Build configuration list for PBXNativeTarget "CarMap" */ = {
			isa = XCConfigurationList;
			buildConfigurations = (
				8A6C5BB4259734B000973BDE /* Development */,
			);
			defaultConfigurationIsVisible = 0;
			defaultConfigurationName = Development;
		};
/* End XCConfigurationList section */
	};
	rootObject = 8A6C5B91259733B000973BDE /* Project object */;
}
