PODS:
  - Alamofire (4.9.1)
  - Kingfisher (4.10.1)
  - Swinject (2.7.1)

DEPENDENCIES:
  - Alamofire
  - Kingfisher
  - Swinject

SPEC REPOS:
  trunk:
    - Alamofire
    - Kingfisher
    - Swinject

SPEC CHECKSUMS:
  Alamofire: 85e8a02c69d6020a0d734f6054870d7ecb75cf18
  Kingfisher: c148cd7b47ebde9989f6bc7c27dcaa79d81279a0
  Swinject: ddf78b8486dd9b71a667b852cad919ab4484478e

PODFILE CHECKSUM: 22bfcff2b11ee6d5ced010f64fabb3baadb5b307

COCOAPODS: 1.10.0
