// !$*UTF8*$!
{
	archiveVersion = 1;
	classes = {
	};
	objectVersion = 51;
	objects = {

/* Begin PBXBuildFile section */
		8A6C5B9D259733B000973BDE /* AppDelegate.swift in Sources */ = {isa = PBXBuildFile; fileRef = 8A6C5B9C259733B000973BDE /* AppDelegate.swift */; };
		8A6C5BA6259733B200973BDE /* Assets.xcassets in Resources */ = {isa = PBXBuildFile; fileRef = 8A6C5BA5259733B200973BDE /* Assets.xcassets */; };
		8A6C5BA9259733B200973BDE /* LaunchScreen.storyboard in Resources */ = {isa = PBXBuildFile; fileRef = 8A6C5BA7259733B200973BDE /* LaunchScreen.storyboard */; };
		8A6C5BBA25974B7500973BDE /* UIColorExtensions.swift in Sources */ = {isa = PBXBuildFile; fileRef = 8A6C5BB925974B7500973BDE /* UIColorExtensions.swift */; };
		8A6C5BBC25974B9600973BDE /* Colors.swift in Sources */ = {isa = PBXBuildFile; fileRef = 8A6C5BBB25974B9600973BDE /* Colors.swift */; };
		8A6C5BC025979D4900973BDE /* BaseViewController.swift in Sources */ = {isa = PBXBuildFile; fileRef = 8A6C5BBF25979D4900973BDE /* BaseViewController.swift */; };
		8A6C5BC525979DAB00973BDE /* BaseViewModel.swift in Sources */ = {isa = PBXBuildFile; fileRef = 8A6C5BC425979DAB00973BDE /* BaseViewModel.swift */; };
		8A6C5BC725979DC800973BDE /* NetworkError.swift in Sources */ = {isa = PBXBuildFile; fileRef = 8A6C5BC625979DC800973BDE /* NetworkError.swift */; };
		8A6C5BD42597A4C700973BDE /* MapViewController.swift in Sources */ = {isa = PBXBuildFile; fileRef = 8A6C5BD32597A4C700973BDE /* MapViewController.swift */; };
		8A6C5BD62597A4F500973BDE /* MapViewModel.swift in Sources */ = {isa = PBXBuildFile; fileRef = 8A6C5BD52597A4F500973BDE /* MapViewModel.swift */; };
		8A6C5BDA2597A5A600973BDE /* Map.storyboard in Resources */ = {isa = PBXBuildFile; fileRef = 8A6C5BD92597A5A600973BDE /* Map.storyboard */; };
		8A6C5BDC2597AA3000973BDE /* UIViewControllerExtensions.swift in Sources */ = {isa = PBXBuildFile; fileRef = 8A6C5BDB2597AA3000973BDE /* UIViewControllerExtensions.swift */; };
		8A6C5BDE2597AA7D00973BDE /* StoryboardNames.swift in Sources */ = {isa = PBXBuildFile; fileRef = 8A6C5BDD2597AA7D00973BDE /* StoryboardNames.swift */; };
		8A6C5BE12597ACD000973BDE /* BaseService.swift in Sources */ = {isa = PBXBuildFile; fileRef = 8A6C5BE02597ACD000973BDE /* BaseService.swift */; };
		8A6C5BE32597ACEB00973BDE /* BaseServiceProtocol.swift in Sources */ = {isa = PBXBuildFile; fileRef = 8A6C5BE22597ACEB00973BDE /* BaseServiceProtocol.swift */; };
		8A6C5BE52597AD8100973BDE /* BaseTransaction.swift in Sources */ = {isa = PBXBuildFile; fileRef = 8A6C5BE42597AD8100973BDE /* BaseTransaction.swift */; };
		8A6C5BE82597B0D200973BDE /* CarsRequestModel.swift in Sources */ = {isa = PBXBuildFile; fileRef = 8A6C5BE72597B0D200973BDE /* CarsRequestModel.swift */; };
		8A6C5BEA2597B0DA00973BDE /* CarModel.swift in Sources */ = {isa = PBXBuildFile; fileRef = 8A6C5BE92597B0DA00973BDE /* CarModel.swift */; };
		8A6C5BEC2597B1AD00973BDE /* CarsTransaction.swift in Sources */ = {isa = PBXBuildFile; fileRef = 8A6C5BEB2597B1AD00973BDE /* CarsTransaction.swift */; };
		8A6C5BEE2597BCAE00973BDE /* AssemblerExtensions.swift in Sources */ = {isa = PBXBuildFile; fileRef = 8A6C5BED2597BCAE00973BDE /* AssemblerExtensions.swift */; };
		8A6C5BF02597BCD000973BDE /* AppAssembly.swift in Sources */ = {isa = PBXBuildFile; fileRef = 8A6C5BEF2597BCD000973BDE /* AppAssembly.swift */; };
		8A6C5BF22597BF4100973BDE /* LoadingIndicatorView.swift in Sources */ = {isa = PBXBuildFile; fileRef = 8A6C5BF12597BF4100973BDE /* LoadingIndicatorView.swift */; };
		8A6C5BF42597BF6300973BDE /* LoadingIndicatorPresenter.swift in Sources */ = {isa = PBXBuildFile; fileRef = 8A6C5BF32597BF6300973BDE /* LoadingIndicatorPresenter.swift */; };
		8A6C5BF72597C6BF00973BDE /* CarAnnotationView.swift in Sources */ = {isa = PBXBuildFile; fileRef = 8A6C5BF62597C6BF00973BDE /* CarAnnotationView.swift */; };
		8A6C5BF92597C70600973BDE /* CarAnnotation.swift in Sources */ = {isa = PBXBuildFile; fileRef = 8A6C5BF82597C70600973BDE /* CarAnnotation.swift */; };
		8A6C5BFD2597CD9D00973BDE /* MKMapViewExtensions.swift in Sources */ = {isa = PBXBuildFile; fileRef = 8A6C5BFC2597CD9D00973BDE /* MKMapViewExtensions.swift */; };
		8A6CC53325988FFD00263BE8 /* DialogAlertView.swift in Sources */ = {isa = PBXBuildFile; fileRef = 8A6CC53225988FFD00263BE8 /* DialogAlertView.swift */; };
		8A6CC5362598903300263BE8 /* DialogAlertDelegate.swift in Sources */ = {isa = PBXBuildFile; fileRef = 8A6CC5352598903300263BE8 /* DialogAlertDelegate.swift */; };
		8A6CC53825989CC200263BE8 /* Localizable.strings in Resources */ = {isa = PBXBuildFile; fileRef = 8A6CC53725989CC200263BE8 /* Localizable.strings */; };
		8A6CC53C25989D8900263BE8 /* Localization.swift in Sources */ = {isa = PBXBuildFile; fileRef = 8A6CC53B25989D8900263BE8 /* Localization.swift */; };
		8A6CC53E25989D8F00263BE8 /* LocalizationProtocol.swift in Sources */ = {isa = PBXBuildFile; fileRef = 8A6CC53D25989D8F00263BE8 /* LocalizationProtocol.swift */; };
		8A6CC5402598B1DC00263BE8 /* BottomSheet.swift in Sources */ = {isa = PBXBuildFile; fileRef = 8A6CC53F2598B1DC00263BE8 /* BottomSheet.swift */; };
		8A6CC5422598C7E100263BE8 /* CarSectionsView.swift in Sources */ = {isa = PBXBuildFile; fileRef = 8A6CC5412598C7E100263BE8 /* CarSectionsView.swift */; };
		8A6CC5442598C7EC00263BE8 /* CarSectionsView.xib in Resources */ = {isa = PBXBuildFile; fileRef = 8A6CC5432598C7EC00263BE8 /* CarSectionsView.xib */; };
		8A6CC5472598CBDE00263BE8 /* BaseButton.swift in Sources */ = {isa = PBXBuildFile; fileRef = 8A6CC5462598CBDE00263BE8 /* BaseButton.swift */; };
		8A6CC5492598CC2C00263BE8 /* PrimaryButton.swift in Sources */ = {isa = PBXBuildFile; fileRef = 8A6CC5482598CC2C00263BE8 /* PrimaryButton.swift */; };
		8A6CC54B2598CE2F00263BE8 /* NibLoadableView.swift in Sources */ = {isa = PBXBuildFile; fileRef = 8A6CC54A2598CE2F00263BE8 /* NibLoadableView.swift */; };
		8A6CC54D2598DF4E00263BE8 /* CarSectionsViewProtocol.swift in Sources */ = {isa = PBXBuildFile; fileRef = 8A6CC54C2598DF4E00263BE8 /* CarSectionsViewProtocol.swift */; };
		8A6CC5532598E0A800263BE8 /* CarListViewModel.swift in Sources */ = {isa = PBXBuildFile; fileRef = 8A6CC5522598E0A800263BE8 /* CarListViewModel.swift */; };
		8A6CC5552598E0BE00263BE8 /* CarListViewController.swift in Sources */ = {isa = PBXBuildFile; fileRef = 8A6CC5542598E0BE00263BE8 /* CarListViewController.swift */; };
		8A6CC5572598E10500263BE8 /* CarList.storyboard in Resources */ = {isa = PBXBuildFile; fileRef = 8A6CC5562598E10500263BE8 /* CarList.storyboard */; };
		8A6CC55A2598E1AA00263BE8 /* CarTableViewCell.swift in Sources */ = {isa = PBXBuildFile; fileRef = 8A6CC5582598E1AA00263BE8 /* CarTableViewCell.swift */; };
		8A6CC55B2598E1AA00263BE8 /* CarTableViewCell.xib in Resources */ = {isa = PBXBuildFile; fileRef = 8A6CC5592598E1AA00263BE8 /* CarTableViewCell.xib */; };
		8A6CC55D2598E6D300263BE8 /* ImageNames.swift in Sources */ = {isa = PBXBuildFile; fileRef = 8A6CC55C2598E6D300263BE8 /* ImageNames.swift */; };
		8A6CC55F2599079000263BE8 /* TableViewCellIdentifiers.swift in Sources */ = {isa = PBXBuildFile; fileRef = 8A6CC55E2599079000263BE8 /* TableViewCellIdentifiers.swift */; };
		8A6CC5612599162D00263BE8 /* BaseLabel.swift in Sources */ = {isa = PBXBuildFile; fileRef = 8A6CC5602599162D00263BE8 /* BaseLabel.swift */; };
		8A6CC5632599164C00263BE8 /* PrimaryTitleLabel.swift in Sources */ = {isa = PBXBuildFile; fileRef = 8A6CC5622599164C00263BE8 /* PrimaryTitleLabel.swift */; };
		8A6CC565259916AD00263BE8 /* PrimaryLabel.swift in Sources */ = {isa = PBXBuildFile; fileRef = 8A6CC564259916AD00263BE8 /* PrimaryLabel.swift */; };
		8A6CC56725991B5200263BE8 /* SecondaryLabel.swift in Sources */ = {isa = PBXBuildFile; fileRef = 8A6CC56625991B5200263BE8 /* SecondaryLabel.swift */; };
		8A6CC56A259923D200263BE8 /* CarPresentation.swift in Sources */ = {isa = PBXBuildFile; fileRef = 8A6CC569259923D200263BE8 /* CarPresentation.swift */; };
		8A78C4C3259A2D24001CF807 /* MapDataProvider.swift in Sources */ = {isa = PBXBuildFile; fileRef = 8A78C4C2259A2D24001CF807 /* MapDataProvider.swift */; };
		8A78C4C5259A2F8C001CF807 /* BaseDataProvider.swift in Sources */ = {isa = PBXBuildFile; fileRef = 8A78C4C4259A2F8C001CF807 /* BaseDataProvider.swift */; };
		8A78C4CD259A357E001CF807 /* CarMapTests.swift in Sources */ = {isa = PBXBuildFile; fileRef = 8A78C4CC259A357E001CF807 /* CarMapTests.swift */; };
		8A78C4D8259A3814001CF807 /* MapDataProviderMock.swift in Sources */ = {isa = PBXBuildFile; fileRef = 8A78C4D7259A3814001CF807 /* MapDataProviderMock.swift */; };
		8A78C517259A459C001CF807 /* Bundle+Test.swift in Sources */ = {isa = PBXBuildFile; fileRef = 8A78C516259A459C001CF807 /* Bundle+Test.swift */; };
		8A78C518259A4724001CF807 /* cars_stub.json in Resources */ = {isa = PBXBuildFile; fileRef = 8A78C4D5259A3798001CF807 /* cars_stub.json */; };
		8A78C51A259A6475001CF807 /* CarListViewControllerTests.swift in Sources */ = {isa = PBXBuildFile; fileRef = 8A78C519259A6475001CF807 /* CarListViewControllerTests.swift */; };
		8A78C521259A9209001CF807 /* ConfigurationHelper.swift in Sources */ = {isa = PBXBuildFile; fileRef = 8A78C520259A9209001CF807 /* ConfigurationHelper.swift */; };
		8A78C524259A92B5001CF807 /* ConfigurationKeys.swift in Sources */ = {isa = PBXBuildFile; fileRef = 8A78C523259A92B5001CF807 /* ConfigurationKeys.swift */; };
		99FFA3B6C7360DAB0BB81A05 /* Pods_CarMap.framework in Frameworks */ = {isa = PBXBuildFile; fileRef = 6697F9A6CDC191CE0D579006 /* Pods_CarMap.framework */; };
/* End PBXBuildFile section */

/* Begin PBXContainerItemProxy section */
		8A78C4CF259A357E001CF807 /* PBXContainerItemProxy */ = {
			isa = PBXContainerItemProxy;
			containerPortal = 8A6C5B91259733B000973BDE /* Project object */;
			proxyType = 1;
			remoteGlobalIDString = 8A6C5B98259733B000973BDE;
			remoteInfo = CarMap;
		};
/* End PBXContainerItemProxy section */

/* Begin PBXFileReference section */
		6697F9A6CDC191CE0D579006 /* Pods_CarMap.framework */ = {isa = PBXFileReference; explicitFileType = wrapper.framework; includeInIndex = 0; path = Pods_CarMap.framework; sourceTree = BUILT_PRODUCTS_DIR; };
		78E22A5FFDFDBCAE5C6E74F3 /* Pods-CarMap.development.xcconfig */ = {isa = PBXFileReference; includeInIndex = 1; lastKnownFileType = text.xcconfig; name = "Pods-CarMap.development.xcconfig"; path = "Target Support Files/Pods-CarMap/Pods-CarMap.development.xcconfig"; sourceTree = "<group>"; };
		8A6C5B99259733B000973BDE /* CarMap.app */ = {isa = PBXFileReference; explicitFileType = wrapper.application; includeInIndex = 0; path = CarMap.app; sourceTree = BUILT_PRODUCTS_DIR; };
		8A6C5B9C259733B000973BDE /* AppDelegate.swift */ = {isa = PBXFileReference; lastKnownFileType = sourcecode.swift; path = AppDelegate.swift; sourceTree = "<group>"; };
		8A6C5BA5259733B200973BDE /* Assets.xcassets */ = {isa = PBXFileReference; lastKnownFileType = folder.assetcatalog; path = Assets.xcassets; sourceTree = "<group>"; };
		8A6C5BA8259733B200973BDE /* Base */ = {isa = PBXFileReference; lastKnownFileType = file.storyboard; name = Base; path = Base.lproj/LaunchScreen.storyboard; sourceTree = "<group>"; };
		8A6C5BAA259733B200973BDE /* Info.plist */ = {isa = PBXFileReference; lastKnownFileType = text.plist.xml; path = Info.plist; sourceTree = "<group>"; };
		8A6C5BB925974B7500973BDE /* UIColorExtensions.swift */ = {isa = PBXFileReference; lastKnownFileType = sourcecode.swift; path = UIColorExtensions.swift; sourceTree = "<group>"; };
		8A6C5BBB25974B9600973BDE /* Colors.swift */ = {isa = PBXFileReference; lastKnownFileType = sourcecode.swift; path = Colors.swift; sourceTree = "<group>"; };
		8A6C5BBF25979D4900973BDE /* BaseViewController.swift */ = {isa = PBXFileReference; lastKnownFileType = sourcecode.swift; path = BaseViewController.swift; sourceTree = "<group>"; };
		8A6C5BC425979DAB00973BDE /* BaseViewModel.swift */ = {isa = PBXFileReference; lastKnownFileType = sourcecode.swift; path = BaseViewModel.swift; sourceTree = "<group>"; };
		8A6C5BC625979DC800973BDE /* NetworkError.swift */ = {isa = PBXFileReference; lastKnownFileType = sourcecode.swift; path = NetworkError.swift; sourceTree = "<group>"; };
		8A6C5BD32597A4C700973BDE /* MapViewController.swift */ = {isa = PBXFileReference; lastKnownFileType = sourcecode.swift; path = MapViewController.swift; sourceTree = "<group>"; };
		8A6C5BD52597A4F500973BDE /* MapViewModel.swift */ = {isa = PBXFileReference; lastKnownFileType = sourcecode.swift; path = MapViewModel.swift; sourceTree = "<group>"; };
		8A6C5BD92597A5A600973BDE /* Map.storyboard */ = {isa = PBXFileReference; lastKnownFileType = file.storyboard; path = Map.storyboard; sourceTree = "<group>"; };
		8A6C5BDB2597AA3000973BDE /* UIViewControllerExtensions.swift */ = {isa = PBXFileReference; lastKnownFileType = sourcecode.swift; path = UIViewControllerExtensions.swift; sourceTree = "<group>"; };
		8A6C5BDD2597AA7D00973BDE /* StoryboardNames.swift */ = {isa = PBXFileReference; lastKnownFileType = sourcecode.swift; path = StoryboardNames.swift; sourceTree = "<group>"; };
		8A6C5BE02597ACD000973BDE /* BaseService.swift */ = {isa = PBXFileReference; lastKnownFileType = sourcecode.swift; path = BaseService.swift; sourceTree = "<group>"; };
		8A6C5BE22597ACEB00973BDE /* BaseServiceProtocol.swift */ = {isa = PBXFileReference; lastKnownFileType = sourcecode.swift; path = BaseServiceProtocol.swift; sourceTree = "<group>"; };
		8A6C5BE42597AD8100973BDE /* BaseTransaction.swift */ = {isa = PBXFileReference; lastKnownFileType = sourcecode.swift; path = BaseTransaction.swift; sourceTree = "<group>"; };
		8A6C5BE72597B0D200973BDE /* CarsRequestModel.swift */ = {isa = PBXFileReference; lastKnownFileType = sourcecode.swift; path = CarsRequestModel.swift; sourceTree = "<group>"; };
		8A6C5BE92597B0DA00973BDE /* CarModel.swift */ = {isa = PBXFileReference; lastKnownFileType = sourcecode.swift; path = CarModel.swift; sourceTree = "<group>"; };
		8A6C5BEB2597B1AD00973BDE /* CarsTransaction.swift */ = {isa = PBXFileReference; lastKnownFileType = sourcecode.swift; path = CarsTransaction.swift; sourceTree = "<group>"; };
		8A6C5BED2597BCAE00973BDE /* AssemblerExtensions.swift */ = {isa = PBXFileReference; lastKnownFileType = sourcecode.swift; path = AssemblerExtensions.swift; sourceTree = "<group>"; };
		8A6C5BEF2597BCD000973BDE /* AppAssembly.swift */ = {isa = PBXFileReference; lastKnownFileType = sourcecode.swift; path = AppAssembly.swift; sourceTree = "<group>"; };
		8A6C5BF12597BF4100973BDE /* LoadingIndicatorView.swift */ = {isa = PBXFileReference; lastKnownFileType = sourcecode.swift; path = LoadingIndicatorView.swift; sourceTree = "<group>"; };
		8A6C5BF32597BF6300973BDE /* LoadingIndicatorPresenter.swift */ = {isa = PBXFileReference; lastKnownFileType = sourcecode.swift; path = LoadingIndicatorPresenter.swift; sourceTree = "<group>"; };
		8A6C5BF62597C6BF00973BDE /* CarAnnotationView.swift */ = {isa = PBXFileReference; lastKnownFileType = sourcecode.swift; path = CarAnnotationView.swift; sourceTree = "<group>"; };
		8A6C5BF82597C70600973BDE /* CarAnnotation.swift */ = {isa = PBXFileReference; lastKnownFileType = sourcecode.swift; path = CarAnnotation.swift; sourceTree = "<group>"; };
		8A6C5BFC2597CD9D00973BDE /* MKMapViewExtensions.swift */ = {isa = PBXFileReference; lastKnownFileType = sourcecode.swift; path = MKMapViewExtensions.swift; sourceTree = "<group>"; };
		8A6CC53225988FFD00263BE8 /* DialogAlertView.swift */ = {isa = PBXFileReference; lastKnownFileType = sourcecode.swift; path = DialogAlertView.swift; sourceTree = "<group>"; };
		8A6CC5352598903300263BE8 /* DialogAlertDelegate.swift */ = {isa = PBXFileReference; lastKnownFileType = sourcecode.swift; path = DialogAlertDelegate.swift; sourceTree = "<group>"; };
		8A6CC53725989CC200263BE8 /* Localizable.strings */ = {isa = PBXFileReference; lastKnownFileType = text.plist.strings; path = Localizable.strings; sourceTree = "<group>"; };
		8A6CC53B25989D8900263BE8 /* Localization.swift */ = {isa = PBXFileReference; lastKnownFileType = sourcecode.swift; path = Localization.swift; sourceTree = "<group>"; };
		8A6CC53D25989D8F00263BE8 /* LocalizationProtocol.swift */ = {isa = PBXFileReference; lastKnownFileType = sourcecode.swift; path = LocalizationProtocol.swift; sourceTree = "<group>"; };
		8A6CC53F2598B1DC00263BE8 /* BottomSheet.swift */ = {isa = PBXFileReference; lastKnownFileType = sourcecode.swift; path = BottomSheet.swift; sourceTree = "<group>"; };
		8A6CC5412598C7E100263BE8 /* CarSectionsView.swift */ = {isa = PBXFileReference; lastKnownFileType = sourcecode.swift; path = CarSectionsView.swift; sourceTree = "<group>"; };
		8A6CC5432598C7EC00263BE8 /* CarSectionsView.xib */ = {isa = PBXFileReference; lastKnownFileType = file.xib; path = CarSectionsView.xib; sourceTree = "<group>"; };
		8A6CC5462598CBDE00263BE8 /* BaseButton.swift */ = {isa = PBXFileReference; lastKnownFileType = sourcecode.swift; path = BaseButton.swift; sourceTree = "<group>"; };
		8A6CC5482598CC2C00263BE8 /* PrimaryButton.swift */ = {isa = PBXFileReference; lastKnownFileType = sourcecode.swift; path = PrimaryButton.swift; sourceTree = "<group>"; };
		8A6CC54A2598CE2F00263BE8 /* NibLoadableView.swift */ = {isa = PBXFileReference; lastKnownFileType = sourcecode.swift; path = NibLoadableView.swift; sourceTree = "<group>"; };
		8A6CC54C2598DF4E00263BE8 /* CarSectionsViewProtocol.swift */ = {isa = PBXFileReference; lastKnownFileType = sourcecode.swift; path = CarSectionsViewProtocol.swift; sourceTree = "<group>"; };
		8A6CC5522598E0A800263BE8 /* CarListViewModel.swift */ = {isa = PBXFileReference; lastKnownFileType = sourcecode.swift; path = CarListViewModel.swift; sourceTree = "<group>"; };
		8A6CC5542598E0BE00263BE8 /* CarListViewController.swift */ = {isa = PBXFileReference; lastKnownFileType = sourcecode.swift; path = CarListViewController.swift; sourceTree = "<group>"; };
		8A6CC5562598E10500263BE8 /* CarList.storyboard */ = {isa = PBXFileReference; lastKnownFileType = file.storyboard; path = CarList.storyboard; sourceTree = "<group>"; };
		8A6CC5582598E1AA00263BE8 /* CarTableViewCell.swift */ = {isa = PBXFileReference; lastKnownFileType = sourcecode.swift; path = CarTableViewCell.swift; sourceTree = "<group>"; };
		8A6CC5592598E1AA00263BE8 /* CarTableViewCell.xib */ = {isa = PBXFileReference; lastKnownFileType = file.xib; path = CarTableViewCell.xib; sourceTree = "<group>"; };
		8A6CC55C2598E6D300263BE8 /* ImageNames.swift */ = {isa = PBXFileReference; lastKnownFileType = sourcecode.swift; path = ImageNames.swift; sourceTree = "<group>"; };
		8A6CC55E2599079000263BE8 /* TableViewCellIdentifiers.swift */ = {isa = PBXFileReference; lastKnownFileType = sourcecode.swift; path = TableViewCellIdentifiers.swift; sourceTree = "<group>"; };
		8A6CC5602599162D00263BE8 /* BaseLabel.swift */ = {isa = PBXFileReference; lastKnownFileType = sourcecode.swift; path = BaseLabel.swift; sourceTree = "<group>"; };
		8A6CC5622599164C00263BE8 /* PrimaryTitleLabel.swift */ = {isa = PBXFileReference; lastKnownFileType = sourcecode.swift; path = PrimaryTitleLabel.swift; sourceTree = "<group>"; };
		8A6CC564259916AD00263BE8 /* PrimaryLabel.swift */ = {isa = PBXFileReference; lastKnownFileType = sourcecode.swift; path = PrimaryLabel.swift; sourceTree = "<group>"; };
		8A6CC56625991B5200263BE8 /* SecondaryLabel.swift */ = {isa = PBXFileReference; lastKnownFileType = sourcecode.swift; path = SecondaryLabel.swift; sourceTree = "<group>"; };
		8A6CC569259923D200263BE8 /* CarPresentation.swift */ = {isa = PBXFileReference; lastKnownFileType = sourcecode.swift; path = CarPresentation.swift; sourceTree = "<group>"; };
		8A78C4C2259A2D24001CF807 /* MapDataProvider.swift */ = {isa = PBXFileReference; lastKnownFileType = sourcecode.swift; path = MapDataProvider.swift; sourceTree = "<group>"; };
		8A78C4C4259A2F8C001CF807 /* BaseDataProvider.swift */ = {isa = PBXFileReference; lastKnownFileType = sourcecode.swift; path = BaseDataProvider.swift; sourceTree = "<group>"; };
		8A78C4CA259A357E001CF807 /* CarMapTests.xctest */ = {isa = PBXFileReference; explicitFileType = wrapper.cfbundle; includeInIndex = 0; path = CarMapTests.xctest; sourceTree = BUILT_PRODUCTS_DIR; };
		8A78C4CC259A357E001CF807 /* CarMapTests.swift */ = {isa = PBXFileReference; lastKnownFileType = sourcecode.swift; path = CarMapTests.swift; sourceTree = "<group>"; };
		8A78C4CE259A357E001CF807 /* Info.plist */ = {isa = PBXFileReference; lastKnownFileType = text.plist.xml; path = Info.plist; sourceTree = "<group>"; };
		8A78C4D5259A3798001CF807 /* cars_stub.json */ = {isa = PBXFileReference; lastKnownFileType = text.json; path = cars_stub.json; sourceTree = "<group>"; };
		8A78C4D7259A3814001CF807 /* MapDataProviderMock.swift */ = {isa = PBXFileReference; lastKnownFileType = sourcecode.swift; path = MapDataProviderMock.swift; sourceTree = "<group>"; };
		8A78C516259A459C001CF807 /* Bundle+Test.swift */ = {isa = PBXFileReference; lastKnownFileType = sourcecode.swift; path = "Bundle+Test.swift"; sourceTree = "<group>"; };
		8A78C519259A6475001CF807 /* CarListViewControllerTests.swift */ = {isa = PBXFileReference; lastKnownFileType = sourcecode.swift; path = CarListViewControllerTests.swift; sourceTree = "<group>"; };
		8A78C51E259A8D75001CF807 /* Development.xcconfig */ = {isa = PBXFileReference; lastKnownFileType = text.xcconfig; path = Development.xcconfig; sourceTree = "<group>"; };
		8A78C520259A9209001CF807 /* ConfigurationHelper.swift */ = {isa = PBXFileReference; lastKnownFileType = sourcecode.swift; path = ConfigurationHelper.swift; sourceTree = "<group>"; };
		8A78C523259A92B5001CF807 /* ConfigurationKeys.swift */ = {isa = PBXFileReference; lastKnownFileType = sourcecode.swift; path = ConfigurationKeys.swift; sourceTree = "<group>"; };
/* End PBXFileReference section */

/* Begin PBXFrameworksBuildPhase section */
		8A6C5B96259733B000973BDE /* Frameworks */ = {
			isa = PBXFrameworksBuildPhase;
			buildActionMask = 2147483647;
			files = (
				99FFA3B6C7360DAB0BB81A05 /* Pods_CarMap.framework in Frameworks */,
			);
			runOnlyForDeploymentPostprocessing = 0;
		};
		8A78C4C7259A357E001CF807 /* Frameworks */ = {
			isa = PBXFrameworksBuildPhase;
			buildActionMask = 2147483647;
			files = (
			);
			runOnlyForDeploymentPostprocessing = 0;
		};
/* End PBXFrameworksBuildPhase section */

/* Begin PBXGroup section */
		8A6C5B90259733B000973BDE = {
			isa = PBXGroup;
			children = (
				8A6C5B9B259733B000973BDE /* CarMap */,
				8A78C4CB259A357E001CF807 /* CarMapTests */,
				8A6C5B9A259733B000973BDE /* Products */,
				ECE1A4EA0C3B5DDA8CA00F9E /* Pods */,
				EECAA5159398F8874AFD0566 /* Frameworks */,
			);
			sourceTree = "<group>";
		};
		8A6C5B9A259733B000973BDE /* Products */ = {
			isa = PBXGroup;
			children = (
				8A6C5B99259733B000973BDE /* CarMap.app */,
				8A78C4CA259A357E001CF807 /* CarMapTests.xctest */,
			);
			name = Products;
			sourceTree = "<group>";
		};
		8A6C5B9B259733B000973BDE /* CarMap */ = {
			isa = PBXGroup;
			children = (
				8A6C5BB12597340D00973BDE /* App */,
				8A6C5BB525974B1600973BDE /* Infrastructure */,
				8A6C5BC825979E1800973BDE /* Screens */,
				8A6C5BB0259733FB00973BDE /* Resources */,
			);
			path = CarMap;
			sourceTree = "<group>";
		};
		8A6C5BB0259733FB00973BDE /* Resources */ = {
			isa = PBXGroup;
			children = (
				8A78C51D259A8D65001CF807 /* Configuration */,
				8A6C5BA5259733B200973BDE /* Assets.xcassets */,
				8A6C5BAA259733B200973BDE /* Info.plist */,
				8A6C5BA7259733B200973BDE /* LaunchScreen.storyboard */,
				8A6CC53725989CC200263BE8 /* Localizable.strings */,
			);
			name = Resources;
			sourceTree = "<group>";
		};
		8A6C5BB12597340D00973BDE /* App */ = {
			isa = PBXGroup;
			children = (
				8A6C5BB22597341E00973BDE /* Delegate */,
				8A6C5BEF2597BCD000973BDE /* AppAssembly.swift */,
				8A6C5BED2597BCAE00973BDE /* AssemblerExtensions.swift */,
			);
			name = App;
			sourceTree = "<group>";
		};
		8A6C5BB22597341E00973BDE /* Delegate */ = {
			isa = PBXGroup;
			children = (
				8A6C5B9C259733B000973BDE /* AppDelegate.swift */,
			);
			name = Delegate;
			sourceTree = "<group>";
		};
		8A6C5BB525974B1600973BDE /* Infrastructure */ = {
			isa = PBXGroup;
			children = (
				8A6CC53925989D7300263BE8 /* DataAccess */,
				8A6C5BC125979D5200973BDE /* Networking */,
				8A6C5BB625974B2300973BDE /* Presentation */,
			);
			name = Infrastructure;
			sourceTree = "<group>";
		};
		8A6C5BB625974B2300973BDE /* Presentation */ = {
			isa = PBXGroup;
			children = (
				8A6C5BB725974B3900973BDE /* Constants */,
				8A6CC5452598CBCD00263BE8 /* Controls */,
				8A6C5BB825974B3D00973BDE /* Extensions */,
				8A6CC5342598902300263BE8 /* Protocols */,
				8A6C5BBD25979D2F00973BDE /* ViewControllers */,
				8A6C5BBE25979D3C00973BDE /* Views */,
			);
			name = Presentation;
			sourceTree = "<group>";
		};
		8A6C5BB725974B3900973BDE /* Constants */ = {
			isa = PBXGroup;
			children = (
				8A6C5BBB25974B9600973BDE /* Colors.swift */,
				8A6CC55C2598E6D300263BE8 /* ImageNames.swift */,
				8A6C5BDD2597AA7D00973BDE /* StoryboardNames.swift */,
				8A6CC55E2599079000263BE8 /* TableViewCellIdentifiers.swift */,
			);
			name = Constants;
			sourceTree = "<group>";
		};
		8A6C5BB825974B3D00973BDE /* Extensions */ = {
			isa = PBXGroup;
			children = (
				8A6C5BFC2597CD9D00973BDE /* MKMapViewExtensions.swift */,
				8A6C5BB925974B7500973BDE /* UIColorExtensions.swift */,
				8A6C5BDB2597AA3000973BDE /* UIViewControllerExtensions.swift */,
			);
			name = Extensions;
			sourceTree = "<group>";
		};
		8A6C5BBD25979D2F00973BDE /* ViewControllers */ = {
			isa = PBXGroup;
			children = (
				8A6C5BBF25979D4900973BDE /* BaseViewController.swift */,
			);
			name = ViewControllers;
			sourceTree = "<group>";
		};
		8A6C5BBE25979D3C00973BDE /* Views */ = {
			isa = PBXGroup;
			children = (
				8A6CC53F2598B1DC00263BE8 /* BottomSheet.swift */,
				8A6CC53225988FFD00263BE8 /* DialogAlertView.swift */,
				8A6C5BF32597BF6300973BDE /* LoadingIndicatorPresenter.swift */,
				8A6C5BF12597BF4100973BDE /* LoadingIndicatorView.swift */,
				8A6CC54A2598CE2F00263BE8 /* NibLoadableView.swift */,
			);
			name = Views;
			sourceTree = "<group>";
		};
		8A6C5BC125979D5200973BDE /* Networking */ = {
			isa = PBXGroup;
			children = (
				8A6C5BC325979D7800973BDE /* Models */,
				8A6C5BC225979D6600973BDE /* ViewModels */,
				8A6C5BE02597ACD000973BDE /* BaseService.swift */,
				8A6C5BE22597ACEB00973BDE /* BaseServiceProtocol.swift */,
				8A78C4C4259A2F8C001CF807 /* BaseDataProvider.swift */,
			);
			name = Networking;
			sourceTree = "<group>";
		};
		8A6C5BC225979D6600973BDE /* ViewModels */ = {
			isa = PBXGroup;
			children = (
				8A6C5BC425979DAB00973BDE /* BaseViewModel.swift */,
			);
			name = ViewModels;
			sourceTree = "<group>";
		};
		8A6C5BC325979D7800973BDE /* Models */ = {
			isa = PBXGroup;
			children = (
				8A6C5BC625979DC800973BDE /* NetworkError.swift */,
				8A6C5BE42597AD8100973BDE /* BaseTransaction.swift */,
			);
			name = Models;
			sourceTree = "<group>";
		};
		8A6C5BC825979E1800973BDE /* Screens */ = {
			isa = PBXGroup;
			children = (
				8A6CC54E2598E07A00263BE8 /* CarList */,
				8A6C5BD02597A38B00973BDE /* Map */,
			);
			name = Screens;
			sourceTree = "<group>";
		};
		8A6C5BD02597A38B00973BDE /* Map */ = {
			isa = PBXGroup;
			children = (
				8A6C5BE62597B0C200973BDE /* Models */,
				8A6C5BD12597A39400973BDE /* ViewControllers */,
				8A6C5BD22597A39A00973BDE /* ViewModels */,
				8A6C5BF52597C6AF00973BDE /* Views */,
				8A6C5BD92597A5A600973BDE /* Map.storyboard */,
			);
			name = Map;
			sourceTree = "<group>";
		};
		8A6C5BD12597A39400973BDE /* ViewControllers */ = {
			isa = PBXGroup;
			children = (
				8A6C5BD32597A4C700973BDE /* MapViewController.swift */,
			);
			name = ViewControllers;
			sourceTree = "<group>";
		};
		8A6C5BD22597A39A00973BDE /* ViewModels */ = {
			isa = PBXGroup;
			children = (
				8A78C4C2259A2D24001CF807 /* MapDataProvider.swift */,
				8A6C5BD52597A4F500973BDE /* MapViewModel.swift */,
			);
			name = ViewModels;
			sourceTree = "<group>";
		};
		8A6C5BE62597B0C200973BDE /* Models */ = {
			isa = PBXGroup;
			children = (
				8A6C5BF82597C70600973BDE /* CarAnnotation.swift */,
				8A6C5BE92597B0DA00973BDE /* CarModel.swift */,
				8A6C5BE72597B0D200973BDE /* CarsRequestModel.swift */,
				8A6C5BEB2597B1AD00973BDE /* CarsTransaction.swift */,
			);
			name = Models;
			sourceTree = "<group>";
		};
		8A6C5BF52597C6AF00973BDE /* Views */ = {
			isa = PBXGroup;
			children = (
				8A6C5BF62597C6BF00973BDE /* CarAnnotationView.swift */,
				8A6CC5412598C7E100263BE8 /* CarSectionsView.swift */,
				8A6CC5432598C7EC00263BE8 /* CarSectionsView.xib */,
				8A6CC54C2598DF4E00263BE8 /* CarSectionsViewProtocol.swift */,
			);
			name = Views;
			sourceTree = "<group>";
		};
		8A6CC5342598902300263BE8 /* Protocols */ = {
			isa = PBXGroup;
			children = (
				8A6CC5352598903300263BE8 /* DialogAlertDelegate.swift */,
			);
			name = Protocols;
			sourceTree = "<group>";
		};
		8A6CC53925989D7300263BE8 /* DataAccess */ = {
			isa = PBXGroup;
			children = (
				8A78C522259A92A8001CF807 /* Constants */,
				8A78C51F259A91FB001CF807 /* Configuration */,
				8A6CC53A25989D8200263BE8 /* Localization */,
			);
			name = DataAccess;
			sourceTree = "<group>";
		};
		8A6CC53A25989D8200263BE8 /* Localization */ = {
			isa = PBXGroup;
			children = (
				8A6CC53B25989D8900263BE8 /* Localization.swift */,
				8A6CC53D25989D8F00263BE8 /* LocalizationProtocol.swift */,
			);
			name = Localization;
			sourceTree = "<group>";
		};
		8A6CC5452598CBCD00263BE8 /* Controls */ = {
			isa = PBXGroup;
			children = (
				8A6CC5462598CBDE00263BE8 /* BaseButton.swift */,
				8A6CC5602599162D00263BE8 /* BaseLabel.swift */,
				8A6CC5482598CC2C00263BE8 /* PrimaryButton.swift */,
				8A6CC564259916AD00263BE8 /* PrimaryLabel.swift */,
				8A6CC5622599164C00263BE8 /* PrimaryTitleLabel.swift */,
				8A6CC56625991B5200263BE8 /* SecondaryLabel.swift */,
			);
			name = Controls;
			sourceTree = "<group>";
		};
		8A6CC54E2598E07A00263BE8 /* CarList */ = {
			isa = PBXGroup;
			children = (
				8A6CC568259923C800263BE8 /* Models */,
				8A6CC54F2598E08600263BE8 /* ViewControllers */,
				8A6CC5512598E08F00263BE8 /* ViewModels */,
				8A6CC5502598E08C00263BE8 /* Views */,
				8A6CC5562598E10500263BE8 /* CarList.storyboard */,
			);
			name = CarList;
			sourceTree = "<group>";
		};
		8A6CC54F2598E08600263BE8 /* ViewControllers */ = {
			isa = PBXGroup;
			children = (
				8A6CC5542598E0BE00263BE8 /* CarListViewController.swift */,
			);
			name = ViewControllers;
			sourceTree = "<group>";
		};
		8A6CC5502598E08C00263BE8 /* Views */ = {
			isa = PBXGroup;
			children = (
				8A6CC5582598E1AA00263BE8 /* CarTableViewCell.swift */,
				8A6CC5592598E1AA00263BE8 /* CarTableViewCell.xib */,
			);
			name = Views;
			sourceTree = "<group>";
		};
		8A6CC5512598E08F00263BE8 /* ViewModels */ = {
			isa = PBXGroup;
			children = (
				8A6CC5522598E0A800263BE8 /* CarListViewModel.swift */,
			);
			name = ViewModels;
			sourceTree = "<group>";
		};
		8A6CC568259923C800263BE8 /* Models */ = {
			isa = PBXGroup;
			children = (
				8A6CC569259923D200263BE8 /* CarPresentation.swift */,
			);
			name = Models;
			sourceTree = "<group>";
		};
		8A78C4CB259A357E001CF807 /* CarMapTests */ = {
			isa = PBXGroup;
			children = (
				8A78C515259A4592001CF807 /* Extensions */,
				8A78C4D6259A37C2001CF807 /* Mocks */,
				8A78C4D3259A35FF001CF807 /* Stubs */,
				8A78C4CC259A357E001CF807 /* CarMapTests.swift */,
				8A78C519259A6475001CF807 /* CarListViewControllerTests.swift */,
				8A78C4CE259A357E001CF807 /* Info.plist */,
			);
			path = CarMapTests;
			sourceTree = "<group>";
		};
		8A78C4D3259A35FF001CF807 /* Stubs */ = {
			isa = PBXGroup;
			children = (
				8A78C4D5259A3798001CF807 /* cars_stub.json */,
			);
			path = Stubs;
			sourceTree = "<group>";
		};
		8A78C4D6259A37C2001CF807 /* Mocks */ = {
			isa = PBXGroup;
			children = (
				8A78C4D7259A3814001CF807 /* MapDataProviderMock.swift */,
			);
			path = Mocks;
			sourceTree = "<group>";
		};
		8A78C515259A4592001CF807 /* Extensions */ = {
			isa = PBXGroup;
			children = (
				8A78C516259A459C001CF807 /* Bundle+Test.swift */,
			);
			path = Extensions;
			sourceTree = "<group>";
		};
		8A78C51D259A8D65001CF807 /* Configuration */ = {
			isa = PBXGroup;
			children = (
				8A78C51E259A8D75001CF807 /* Development.xcconfig */,
			);
			name = Configuration;
			sourceTree = "<group>";
		};
		8A78C51F259A91FB001CF807 /* Configuration */ = {
			isa = PBXGroup;
			children = (
				8A78C520259A9209001CF807 /* ConfigurationHelper.swift */,
			);
			name = Configuration;
			sourceTree = "<group>";
		};
		8A78C522259A92A8001CF807 /* Constants */ = {
			isa = PBXGroup;
			children = (
				8A78C523259A92B5001CF807 /* ConfigurationKeys.swift */,
			);
			name = Constants;
			sourceTree = "<group>";
		};
		ECE1A4EA0C3B5DDA8CA00F9E /* Pods */ = {
			isa = PBXGroup;
			children = (
				78E22A5FFDFDBCAE5C6E74F3 /* Pods-CarMap.development.xcconfig */,
			);
			path = Pods;
			sourceTree = "<group>";
		};
		EECAA5159398F8874AFD0566 /* Frameworks */ = {
			isa = PBXGroup;
			children = (
				6697F9A6CDC191CE0D579006 /* Pods_CarMap.framework */,
			);
			name = Frameworks;
			sourceTree = "<group>";
		};
/* End PBXGroup section */

/* Begin PBXNativeTarget section */
		8A6C5B98259733B000973BDE /* CarMap */ = {
			isa = PBXNativeTarget;
			buildConfigurationList = 8A6C5BAD259733B200973BDE /* Build configuration list for PBXNativeTarget "CarMap" */;
			buildPhases = (
				826567A4B00FEA22DFAAFBF7 /* [CP] Check Pods Manifest.lock */,
				8A6C5B95259733B000973BDE /* Sources */,
				8A6C5B96259733B000973BDE /* Frameworks */,
				8A6C5B97259733B000973BDE /* Resources */,
				082CAFCD86E54A5128C6BE60 /* [CP] Embed Pods Frameworks */,
			);
			buildRules = (
			);
			dependencies = (
			);
			name = CarMap;
			productName = CarMap;
			productReference = 8A6C5B99259733B000973BDE /* CarMap.app */;
			productType = "com.apple.product-type.application";
		};
		8A78C4C9259A357E001CF807 /* CarMapTests */ = {
			isa = PBXNativeTarget;
			buildConfigurationList = 8A78C4D1259A357E001CF807 /* Build configuration list for PBXNativeTarget "CarMapTests" */;
			buildPhases = (
				8A78C4C6259A357E001CF807 /* Sources */,
				8A78C4C7259A357E001CF807 /* Frameworks */,
				8A78C4C8259A357E001CF807 /* Resources */,
			);
			buildRules = (
			);
			dependencies = (
				8A78C4D0259A357E001CF807 /* PBXTargetDependency */,
			);
			name = CarMapTests;
			productName = CarMapTests;
			productReference = 8A78C4CA259A357E001CF807 /* CarMapTests.xctest */;
			productType = "com.apple.product-type.bundle.unit-test";
		};
/* End PBXNativeTarget section */

/* Begin PBXProject section */
		8A6C5B91259733B000973BDE /* Project object */ = {
			isa = PBXProject;
			attributes = {
				LastSwiftUpdateCheck = 1120;
				LastUpgradeCheck = 1120;
				ORGANIZATIONNAME = "Mithat Kaskara";
				TargetAttributes = {
					8A6C5B98259733B000973BDE = {
						CreatedOnToolsVersion = 11.2.1;
					};
					8A78C4C9259A357E001CF807 = {
						CreatedOnToolsVersion = 11.2.1;
						TestTargetID = 8A6C5B98259733B000973BDE;
					};
				};
			};
			buildConfigurationList = 8A6C5B94259733B000973BDE /* Build configuration list for PBXProject "CarMap" */;
			compatibilityVersion = "Xcode 9.3";
			developmentRegion = en;
			hasScannedForEncodings = 0;
			knownRegions = (
				en,
				Base,
			);
			mainGroup = 8A6C5B90259733B000973BDE;
			productRefGroup = 8A6C5B9A259733B000973BDE /* Products */;
			projectDirPath = "";
			projectRoot = "";
			targets = (
				8A6C5B98259733B000973BDE /* CarMap */,
				8A78C4C9259A357E001CF807 /* CarMapTests */,
			);
		};
/* End PBXProject section */

/* Begin PBXResourcesBuildPhase section */
		8A6C5B97259733B000973BDE /* Resources */ = {
			isa = PBXResourcesBuildPhase;
			buildActionMask = 2147483647;
			files = (
				8A6CC5442598C7EC00263BE8 /* CarSectionsView.xib in Resources */,
				8A6CC55B2598E1AA00263BE8 /* CarTableViewCell.xib in Resources */,
				8A6C5BA9259733B200973BDE /* LaunchScreen.storyboard in Resources */,
				8A6CC53825989CC200263BE8 /* Localizable.strings in Resources */,
				8A6C5BA6259733B200973BDE /* Assets.xcassets in Resources */,
				8A6C5BDA2597A5A600973BDE /* Map.storyboard in Resources */,
				8A6CC5572598E10500263BE8 /* CarList.storyboard in Resources */,
			);
			runOnlyForDeploymentPostprocessing = 0;
		};
		8A78C4C8259A357E001CF807 /* Resources */ = {
			isa = PBXResourcesBuildPhase;
			buildActionMask = 2147483647;
			files = (
				8A78C518259A4724001CF807 /* cars_stub.json in Resources */,
			);
			runOnlyForDeploymentPostprocessing = 0;
		};
/* End PBXResourcesBuildPhase section */

/* Begin PBXShellScriptBuildPhase section */
		082CAFCD86E54A5128C6BE60 /* [CP] Embed Pods Frameworks */ = {
			isa = PBXShellScriptBuildPhase;
			buildActionMask = 2147483647;
			files = (
			);
			inputFileListPaths = (
				"${PODS_ROOT}/Target Support Files/Pods-CarMap/Pods-CarMap-frameworks-${CONFIGURATION}-input-files.xcfilelist",
			);
			name = "[CP] Embed Pods Frameworks";
			outputFileListPaths = (
				"${PODS_ROOT}/Target Support Files/Pods-CarMap/Pods-CarMap-frameworks-${CONFIGURATION}-output-files.xcfilelist",
			);
			runOnlyForDeploymentPostprocessing = 0;
			shellPath = /bin/sh;
			shellScript = "\"${PODS_ROOT}/Target Support Files/Pods-CarMap/Pods-CarMap-frameworks.sh\"\n";
			showEnvVarsInLog = 0;
		};
		826567A4B00FEA22DFAAFBF7 /* [CP] Check Pods Manifest.lock */ = {
			isa = PBXShellScriptBuildPhase;
			buildActionMask = 2147483647;
			files = (
			);
			inputFileListPaths = (
			);
			inputPaths = (
				"${PODS_PODFILE_DIR_PATH}/Podfile.lock",
				"${PODS_ROOT}/Manifest.lock",
			);
			name = "[CP] Check Pods Manifest.lock";
			outputFileListPaths = (
			);
			outputPaths = (
				"$(DERIVED_FILE_DIR)/Pods-CarMap-checkManifestLockResult.txt",
			);
			runOnlyForDeploymentPostprocessing = 0;
			shellPath = /bin/sh;
			shellScript = "diff \"${PODS_PODFILE_DIR_PATH}/Podfile.lock\" \"${PODS_ROOT}/Manifest.lock\" > /dev/null\nif [ $? != 0 ] ; then\n    # print error to STDERR\n    echo \"error: The sandbox is not in sync with the Podfile.lock. Run 'pod install' or update your CocoaPods installation.\" >&2\n    exit 1\nfi\n# This output is used by Xcode 'outputs' to avoid re-running this script phase.\necho \"SUCCESS\" > \"${SCRIPT_OUTPUT_FILE_0}\"\n";
			showEnvVarsInLog = 0;
		};
/* End PBXShellScriptBuildPhase section */

/* Begin PBXSourcesBuildPhase section */
		8A6C5B95259733B000973BDE /* Sources */ = {
			isa = PBXSourcesBuildPhase;
			buildActionMask = 2147483647;
			files = (
				8A6CC54D2598DF4E00263BE8 /* CarSectionsViewProtocol.swift in Sources */,
				8A6CC5612599162D00263BE8 /* BaseLabel.swift in Sources */,
				8A6CC56A259923D200263BE8 /* CarPresentation.swift in Sources */,
				8A6C5BC025979D4900973BDE /* BaseViewController.swift in Sources */,
				8A6C5BF42597BF6300973BDE /* LoadingIndicatorPresenter.swift in Sources */,
				8A6CC55D2598E6D300263BE8 /* ImageNames.swift in Sources */,
				8A6CC5402598B1DC00263BE8 /* BottomSheet.swift in Sources */,
				8A6C5BF22597BF4100973BDE /* LoadingIndicatorView.swift in Sources */,
				8A6CC53325988FFD00263BE8 /* DialogAlertView.swift in Sources */,
				8A6C5BF92597C70600973BDE /* CarAnnotation.swift in Sources */,
				8A6C5BC725979DC800973BDE /* NetworkError.swift in Sources */,
				8A6CC53E25989D8F00263BE8 /* LocalizationProtocol.swift in Sources */,
				8A6C5BE82597B0D200973BDE /* CarsRequestModel.swift in Sources */,
				8A6C5BBA25974B7500973BDE /* UIColorExtensions.swift in Sources */,
				8A6CC5632599164C00263BE8 /* PrimaryTitleLabel.swift in Sources */,
				8A6CC565259916AD00263BE8 /* PrimaryLabel.swift in Sources */,
				8A6C5BE52597AD8100973BDE /* BaseTransaction.swift in Sources */,
				8A6C5BBC25974B9600973BDE /* Colors.swift in Sources */,
				8A6C5BF72597C6BF00973BDE /* CarAnnotationView.swift in Sources */,
				8A6CC55A2598E1AA00263BE8 /* CarTableViewCell.swift in Sources */,
				8A78C521259A9209001CF807 /* ConfigurationHelper.swift in Sources */,
				8A6C5BEE2597BCAE00973BDE /* AssemblerExtensions.swift in Sources */,
				8A6C5BDC2597AA3000973BDE /* UIViewControllerExtensions.swift in Sources */,
				8A6C5BDE2597AA7D00973BDE /* StoryboardNames.swift in Sources */,
				8A6CC5492598CC2C00263BE8 /* PrimaryButton.swift in Sources */,
				8A6CC5472598CBDE00263BE8 /* BaseButton.swift in Sources */,
				8A6C5BF02597BCD000973BDE /* AppAssembly.swift in Sources */,
				8A6CC55F2599079000263BE8 /* TableViewCellIdentifiers.swift in Sources */,
				8A78C524259A92B5001CF807 /* ConfigurationKeys.swift in Sources */,
				8A6C5BEA2597B0DA00973BDE /* CarModel.swift in Sources */,
				8A6CC56725991B5200263BE8 /* SecondaryLabel.swift in Sources */,
				8A6C5BE32597ACEB00973BDE /* BaseServiceProtocol.swift in Sources */,
				8A78C4C5259A2F8C001CF807 /* BaseDataProvider.swift in Sources */,
				8A6CC5362598903300263BE8 /* DialogAlertDelegate.swift in Sources */,
				8A6CC53C25989D8900263BE8 /* Localization.swift in Sources */,
				8A6C5B9D259733B000973BDE /* AppDelegate.swift in Sources */,
				8A6CC5532598E0A800263BE8 /* CarListViewModel.swift in Sources */,
				8A6CC54B2598CE2F00263BE8 /* NibLoadableView.swift in Sources */,
				8A78C4C3259A2D24001CF807 /* MapDataProvider.swift in Sources */,
				8A6C5BC525979DAB00973BDE /* BaseViewModel.swift in Sources */,
				8A6C5BD42597A4C700973BDE /* MapViewController.swift in Sources */,
				8A6C5BD62597A4F500973BDE /* MapViewModel.swift in Sources */,
				8A6C5BFD2597CD9D00973BDE /* MKMapViewExtensions.swift in Sources */,
				8A6CC5552598E0BE00263BE8 /* CarListViewController.swift in Sources */,
				8A6C5BE12597ACD000973BDE /* BaseService.swift in Sources */,
				8A6CC5422598C7E100263BE8 /* CarSectionsView.swift in Sources */,
				8A6C5BEC2597B1AD00973BDE /* CarsTransaction.swift in Sources */,
			);
			runOnlyForDeploymentPostprocessing = 0;
		};
		8A78C4C6259A357E001CF807 /* Sources */ = {
			isa = PBXSourcesBuildPhase;
			buildActionMask = 2147483647;
			files = (
				8A78C4CD259A357E001CF807 /* CarMapTests.swift in Sources */,
				8A78C4D8259A3814001CF807 /* MapDataProviderMock.swift in Sources */,
				8A78C51A259A6475001CF807 /* CarListViewControllerTests.swift in Sources */,
				8A78C517259A459C001CF807 /* Bundle+Test.swift in Sources */,
			);
			runOnlyForDeploymentPostprocessing = 0;
		};
/* End PBXSourcesBuildPhase section */

/* Begin PBXTargetDependency section */
		8A78C4D0259A357E001CF807 /* PBXTargetDependency */ = {
			isa = PBXTargetDependency;
			target = 8A6C5B98259733B000973BDE /* CarMap */;
			targetProxy = 8A78C4CF259A357E001CF807 /* PBXContainerItemProxy */;
		};
/* End PBXTargetDependency section */

/* Begin PBXVariantGroup section */
		8A6C5BA7259733B200973BDE /* LaunchScreen.storyboard */ = {
			isa = PBXVariantGroup;
			children = (
				8A6C5BA8259733B200973BDE /* Base */,
			);
			name = LaunchScreen.storyboard;
			sourceTree = "<group>";
		};
/* End PBXVariantGroup section */

/* Begin XCBuildConfiguration section */
		8A6C5BB3259734B000973BDE /* Development */ = {
			isa = XCBuildConfiguration;
			baseConfigurationReference = 8A78C51E259A8D75001CF807 /* Development.xcconfig */;
			buildSettings = {
				ALWAYS_SEARCH_USER_PATHS = NO;
				CLANG_ANALYZER_NONNULL = YES;
				CLANG_ANALYZER_NUMBER_OBJECT_CONVERSION = YES_AGGRESSIVE;
				CLANG_CXX_LANGUAGE_STANDARD = "gnu++14";
				CLANG_CXX_LIBRARY = "libc++";
				CLANG_ENABLE_MODULES = YES;
				CLANG_ENABLE_OBJC_ARC = YES;
				CLANG_ENABLE_OBJC_WEAK = YES;
				CLANG_WARN_BLOCK_CAPTURE_AUTORELEASING = YES;
				CLANG_WARN_BOOL_CONVERSION = YES;
				CLANG_WARN_COMMA = YES;
				CLANG_WARN_CONSTANT_CONVERSION = YES;
				CLANG_WARN_DEPRECATED_OBJC_IMPLEMENTATIONS = YES;
				CLANG_WARN_DIRECT_OBJC_ISA_USAGE = YES_ERROR;
				CLANG_WARN_DOCUMENTATION_COMMENTS = YES;
				CLANG_WARN_EMPTY_BODY = YES;
				CLANG_WARN_ENUM_CONVERSION = YES;
				CLANG_WARN_INFINITE_RECURSION = YES;
				CLANG_WARN_INT_CONVERSION = YES;
				CLANG_WARN_NON_LITERAL_NULL_CONVERSION = YES;
				CLANG_WARN_OBJC_IMPLICIT_RETAIN_SELF = YES;
				CLANG_WARN_OBJC_LITERAL_CONVERSION = YES;
				CLANG_WARN_OBJC_ROOT_CLASS = YES_ERROR;
				CLANG_WARN_RANGE_LOOP_ANALYSIS = YES;
				CLANG_WARN_STRICT_PROTOTYPES = YES;
				CLANG_WARN_SUSPICIOUS_MOVE = YES;
				CLANG_WARN_UNGUARDED_AVAILABILITY = YES_AGGRESSIVE;
				CLANG_WARN_UNREACHABLE_CODE = YES;
				CLANG_WARN__DUPLICATE_METHOD_MATCH = YES;
				COPY_PHASE_STRIP = NO;
				DEBUG_INFORMATION_FORMAT = dwarf;
				ENABLE_STRICT_OBJC_MSGSEND = YES;
				ENABLE_TESTABILITY = YES;
				GCC_C_LANGUAGE_STANDARD = gnu11;
				GCC_DYNAMIC_NO_PIC = NO;
				GCC_NO_COMMON_BLOCKS = YES;
				GCC_OPTIMIZATION_LEVEL = 0;
				GCC_PREPROCESSOR_DEFINITIONS = (
					"DEBUG=1",
					"$(inherited)",
				);
				GCC_WARN_64_TO_32_BIT_CONVERSION = YES;
				GCC_WARN_ABOUT_RETURN_TYPE = YES_ERROR;
				GCC_WARN_UNDECLARED_SELECTOR = YES;
				GCC_WARN_UNINITIALIZED_AUTOS = YES_AGGRESSIVE;
				GCC_WARN_UNUSED_FUNCTION = YES;
				GCC_WARN_UNUSED_VARIABLE = YES;
				IPHONEOS_DEPLOYMENT_TARGET = 11.0;
				MTL_ENABLE_DEBUG_INFO = INCLUDE_SOURCE;
				MTL_FAST_MATH = YES;
				ONLY_ACTIVE_ARCH = YES;
				SDKROOT = iphoneos;
				SWIFT_ACTIVE_COMPILATION_CONDITIONS = DEBUG;
				SWIFT_OPTIMIZATION_LEVEL = "-Onone";
			};
			name = Development;
		};
		8A6C5BB4259734B000973BDE /* Development */ = {
			isa = XCBuildConfiguration;
			baseConfigurationReference = 8A78C51E259A8D75001CF807 /* Development.xcconfig */;
			buildSettings = {
				ASSETCATALOG_COMPILER_APPICON_NAME = AppIcon;
				CODE_SIGN_STYLE = Manual;
				DEVELOPMENT_TEAM = "";
				INFOPLIST_FILE = "$(SRCROOT)/CarMap/Info.plist";
				IPHONEOS_DEPLOYMENT_TARGET = 11.0;
				LD_RUNPATH_SEARCH_PATHS = (
					"$(inherited)",
					"@executable_path/Frameworks",
				);
				PRODUCT_BUNDLE_IDENTIFIER = "$(APP_PRODUCT_BUNDLE_IDENTIFIER)";
				PRODUCT_NAME = "$(TARGET_NAME)";
				PROVISIONING_PROFILE_SPECIFIER = "";
				SWIFT_VERSION = 5.0;
				TARGETED_DEVICE_FAMILY = "1,2";
			};
			name = Development;
		};
		8A78C4D2259A357E001CF807 /* Development */ = {
			isa = XCBuildConfiguration;
			buildSettings = {
				ALWAYS_SEARCH_USER_PATHS = NO;
				BUNDLE_LOADER = "$(TEST_HOST)";
				CLANG_ANALYZER_NONNULL = YES;
				CLANG_ANALYZER_NUMBER_OBJECT_CONVERSION = YES_AGGRESSIVE;
				CLANG_CXX_LANGUAGE_STANDARD = "gnu++14";
				CLANG_CXX_LIBRARY = "libc++";
				CLANG_ENABLE_MODULES = YES;
				CLANG_ENABLE_OBJC_ARC = YES;
				CLANG_ENABLE_OBJC_WEAK = YES;
				CLANG_WARN_BLOCK_CAPTURE_AUTORELEASING = YES;
				CLANG_WARN_BOOL_CONVERSION = YES;
				CLANG_WARN_COMMA = YES;
				CLANG_WARN_CONSTANT_CONVERSION = YES;
				CLANG_WARN_DEPRECATED_OBJC_IMPLEMENTATIONS = YES;
				CLANG_WARN_DIRECT_OBJC_ISA_USAGE = YES_ERROR;
				CLANG_WARN_DOCUMENTATION_COMMENTS = YES;
				CLANG_WARN_EMPTY_BODY = YES;
				CLANG_WARN_ENUM_CONVERSION = YES;
				CLANG_WARN_INFINITE_RECURSION = YES;
				CLANG_WARN_INT_CONVERSION = YES;
				CLANG_WARN_NON_LITERAL_NULL_CONVERSION = YES;
				CLANG_WARN_OBJC_IMPLICIT_RETAIN_SELF = YES;
				CLANG_WARN_OBJC_LITERAL_CONVERSION = YES;
				CLANG_WARN_OBJC_ROOT_CLASS = YES_ERROR;
				CLANG_WARN_RANGE_LOOP_ANALYSIS = YES;
				CLANG_WARN_STRICT_PROTOTYPES = YES;
				CLANG_WARN_SUSPICIOUS_MOVE = YES;
				CLANG_WARN_UNGUARDED_AVAILABILITY = YES_AGGRESSIVE;
				CLANG_WARN_UNREACHABLE_CODE = YES;
				CLANG_WARN__DUPLICATE_METHOD_MATCH = YES;
				CODE_SIGN_STYLE = Manual;
				COPY_PHASE_STRIP = NO;
				DEBUG_INFORMATION_FORMAT = dwarf;
				DEVELOPMENT_TEAM = "";
				ENABLE_STRICT_OBJC_MSGSEND = YES;
				ENABLE_TESTABILITY = YES;
				GCC_C_LANGUAGE_STANDARD = gnu11;
				GCC_DYNAMIC_NO_PIC = NO;
				GCC_NO_COMMON_BLOCKS = YES;
				GCC_OPTIMIZATION_LEVEL = 0;
				GCC_PREPROCESSOR_DEFINITIONS = (
					"DEBUG=1",
					"$(inherited)",
				);
				GCC_WARN_64_TO_32_BIT_CONVERSION = YES;
				GCC_WARN_ABOUT_RETURN_TYPE = YES_ERROR;
				GCC_WARN_UNDECLARED_SELECTOR = YES;
				GCC_WARN_UNINITIALIZED_AUTOS = YES_AGGRESSIVE;
				GCC_WARN_UNUSED_FUNCTION = YES;
				GCC_WARN_UNUSED_VARIABLE = YES;
				INFOPLIST_FILE = CarMapTests/Info.plist;
				IPHONEOS_DEPLOYMENT_TARGET = 13.2;
				LD_RUNPATH_SEARCH_PATHS = (
					"$(inherited)",
					"@executable_path/Frameworks",
					"@loader_path/Frameworks",
				);
				MTL_ENABLE_DEBUG_INFO = INCLUDE_SOURCE;
				MTL_FAST_MATH = YES;
				ONLY_ACTIVE_ARCH = YES;
				PRODUCT_BUNDLE_IDENTIFIER = com.mithatkaskara.CarMapTests;
				PRODUCT_NAME = "$(TARGET_NAME)";
				PROVISIONING_PROFILE_SPECIFIER = "";
				"PROVISIONING_PROFILE_SPECIFIER[sdk=macosx*]" = "";
				SDKROOT = iphoneos;
				SWIFT_ACTIVE_COMPILATION_CONDITIONS = DEBUG;
				SWIFT_OPTIMIZATION_LEVEL = "-Onone";
				SWIFT_VERSION = 5.0;
				TARGETED_DEVICE_FAMILY = "1,2";
				TEST_HOST = "$(BUILT_PRODUCTS_DIR)/CarMap.app/CarMap";
			};
			name = Development;
		};
/* End XCBuildConfiguration section */

/* Begin XCConfigurationList section */
		8A6C5B94259733B000973BDE /* Build configuration list for PBXProject "CarMap" */ = {
			isa = XCConfigurationList;
			buildConfigurations = (
				8A6C5BB3259734B000973BDE /* Development */,
			);
			defaultConfigurationIsVisible = 0;
			defaultConfigurationName = Development;
		};
		8A6C5BAD259733B200973BDE /* Build configuration list for PBXNativeTarget "CarMap" */ = {
			isa = XCConfigurationList;
			buildConfigurations = (
				8A6C5BB4259734B000973BDE /* Development */,
			);
			defaultConfigurationIsVisible = 0;
			defaultConfigurationName = Development;
		};
		8A78C4D1259A357E001CF807 /* Build configuration list for PBXNativeTarget "CarMapTests" */ = {
			isa = XCConfigurationList;
			buildConfigurations = (
				8A78C4D2259A357E001CF807 /* Development */,
			);
			defaultConfigurationIsVisible = 0;
			defaultConfigurationName = Development;
		};
/* End XCConfigurationList section */
	};
	rootObject = 8A6C5B91259733B000973BDE /* Project object */;
}
